
Microsoft Visual Studio Solution File, Format Version 12.00
# Visual Studio Version 16
VisualStudioVersion = 16.0.29728.190
MinimumVisualStudioVersion = 10.0.40219.1
Project("{FAE04EC0-301F-11D3-BF4B-00C04F79EFBC}") = "PoConverter", "PoConverter\PoConverter.csproj", "{59D8C0E4-C017-4778-80C1-66FA7172D14E}"
EndProject
Global
	GlobalSection(SolutionConfigurationPlatforms) = preSolution
		Debug|Any CPU = Debug|Any CPU
		Release|Any CPU = Release|Any CPU
	EndGlobalSection
	GlobalSection(ProjectConfigurationPlatforms) = postSolution
		{59D8C0E4-C017-4778-80C1-66FA7172D14E}.Debug|Any CPU.ActiveCfg = Debug|Any CPU
		{59D8C0E4-C017-4778-80C1-66FA7172D14E}.Debug|Any CPU.Build.0 = Debug|Any CPU
		{59D8C0E4-C017-4778-80C1-66FA7172D14E}.Release|Any CPU.ActiveCfg = Release|Any CPU
		{59D8C0E4-C017-4778-80C1-66FA7172D14E}.Release|Any CPU.Build.0 = Release|Any CPU
	EndGlobalSection
	GlobalSection(SolutionProperties) = preSolution
		HideSolutionNode = FALSE
	EndGlobalSection
	GlobalSection(ExtensibilityGlobals) = postSolution
		SolutionGuid = {A36C4DFD-05F8-41DD-BACC-FCE1376A6B80}
	EndGlobalSection
EndGlobal
